
Microsoft Visual Studio Solution File, Format Version 12.00
# Visual Studio Version 16
VisualStudioVersion = 16.0.31729.503
MinimumVisualStudioVersion = 10.0.40219.1
Project("{FAE04EC0-301F-11D3-BF4B-00C04F79EFBC}") = "Lab3_ind(1)", "Lab3_ind(1)\Lab3_ind(1).csproj", "{166EDFF4-983F-42AD-B961-EB56F8FE1669}"
EndProject
Global
	GlobalSection(SolutionConfigurationPlatforms) = preSolution
		Debug|Any CPU = Debug|Any CPU
		Release|Any CPU = Release|Any CPU
	EndGlobalSection
	GlobalSection(ProjectConfigurationPlatforms) = postSolution
		{166EDFF4-983F-42AD-B961-EB56F8FE1669}.Debug|Any CPU.ActiveCfg = Debug|Any CPU
		{166EDFF4-983F-42AD-B961-EB56F8FE1669}.Debug|Any CPU.Build.0 = Debug|Any CPU
		{166EDFF4-983F-42AD-B961-EB56F8FE1669}.Release|Any CPU.ActiveCfg = Release|Any CPU
		{166EDFF4-983F-42AD-B961-EB56F8FE1669}.Release|Any CPU.Build.0 = Release|Any CPU
	EndGlobalSection
	GlobalSection(SolutionProperties) = preSolution
		HideSolutionNode = FALSE
	EndGlobalSection
	GlobalSection(ExtensibilityGlobals) = postSolution
		SolutionGuid = {C64C1AA9-CA60-4EE8-BB83-CFC0D8A6E5E5}
	EndGlobalSection
EndGlobal
